
Microsoft Visual Studio Solution File, Format Version 12.00
# Visual Studio Version 17
VisualStudioVersion = 17.1.32328.378
MinimumVisualStudioVersion = 10.0.40219.1
Project("{FAE04EC0-301F-11D3-BF4B-00C04F79EFBC}") = "HW14", "HW14\HW14.csproj", "{A315C122-AB0E-42A9-B414-A93BF4160FFC}"
EndProject
Global
	GlobalSection(SolutionConfigurationPlatforms) = preSolution
		Debug|Any CPU = Debug|Any CPU
		Release|Any CPU = Release|Any CPU
	EndGlobalSection
	GlobalSection(ProjectConfigurationPlatforms) = postSolution
		{A315C122-AB0E-42A9-B414-A93BF4160FFC}.Debug|Any CPU.ActiveCfg = Debug|Any CPU
		{A315C122-AB0E-42A9-B414-A93BF4160FFC}.Debug|Any CPU.Build.0 = Debug|Any CPU
		{A315C122-AB0E-42A9-B414-A93BF4160FFC}.Release|Any CPU.ActiveCfg = Release|Any CPU
		{A315C122-AB0E-42A9-B414-A93BF4160FFC}.Release|Any CPU.Build.0 = Release|Any CPU
	EndGlobalSection
	GlobalSection(SolutionProperties) = preSolution
		HideSolutionNode = FALSE
	EndGlobalSection
	GlobalSection(ExtensibilityGlobals) = postSolution
		SolutionGuid = {CB7398EC-DBCC-498D-9BC3-82820DAE0A74}
	EndGlobalSection
EndGlobal
